// !$*UTF8*$!
{
	archiveVersion = 1;
	classes = {
	};
	objectVersion = 46;
	objects = {

/* Begin PBXBuildFile section */
		625664311ED193F4004500DD /* main.m in Sources */ = {isa = PBXBuildFile; fileRef = 625664301ED193F4004500DD /* main.m */; };
		625664341ED193F4004500DD /* AppDelegate.m in Sources */ = {isa = PBXBuildFile; fileRef = 625664331ED193F4004500DD /* AppDelegate.m */; };
		625664371ED193F4004500DD /* ViewController.m in Sources */ = {isa = PBXBuildFile; fileRef = 625664361ED193F4004500DD /* ViewController.m */; };
		6256643A1ED193F4004500DD /* Main.storyboard in Resources */ = {isa = PBXBuildFile; fileRef = 625664381ED193F4004500DD /* Main.storyboard */; };
		6256643C1ED193F4004500DD /* Assets.xcassets in Resources */ = {isa = PBXBuildFile; fileRef = 6256643B1ED193F4004500DD /* Assets.xcassets */; };
		6256643F1ED193F4004500DD /* LaunchScreen.storyboard in Resources */ = {isa = PBXBuildFile; fileRef = 6256643D1ED193F4004500DD /* LaunchScreen.storyboard */; };
		6256644A1ED193F4004500DD /* ____Tests.m in Sources */ = {isa = PBXBuildFile; fileRef = 625664491ED193F4004500DD /* ____Tests.m */; };
		625664551ED193F4004500DD /* ____UITests.m in Sources */ = {isa = PBXBuildFile; fileRef = 625664541ED193F4004500DD /* ____UITests.m */; };
/* End PBXBuildFile section */

/* Begin PBXContainerItemProxy section */
		625664461ED193F4004500DD /* PBXContainerItemProxy */ = {
			isa = PBXContainerItemProxy;
			containerPortal = 625664241ED193F4004500DD /* Project object */;
			proxyType = 1;
			remoteGlobalIDString = 6256642B1ED193F4004500DD;
			remoteInfo = "高德地图";
		};
		625664511ED193F4004500DD /* PBXContainerItemProxy */ = {
			isa = PBXContainerItemProxy;
			containerPortal = 625664241ED193F4004500DD /* Project object */;
			proxyType = 1;
			remoteGlobalIDString = 6256642B1ED193F4004500DD;
			remoteInfo = "高德地图";
		};
/* End PBXContainerItemProxy section */

/* Begin PBXFileReference section */
		6256642C1ED193F4004500DD /* 高德地图.app */ = {isa = PBXFileReference; explicitFileType = wrapper.application; includeInIndex = 0; path = "高德地图.app"; sourceTree = BUILT_PRODUCTS_DIR; };
		625664301ED193F4004500DD /* main.m */ = {isa = PBXFileReference; lastKnownFileType = sourcecode.c.objc; path = main.m; sourceTree = "<group>"; };
		625664321ED193F4004500DD /* AppDelegate.h */ = {isa = PBXFileReference; lastKnownFileType = sourcecode.c.h; path = AppDelegate.h; sourceTree = "<group>"; };
		625664331ED193F4004500DD /* AppDelegate.m */ = {isa = PBXFileReference; lastKnownFileType = sourcecode.c.objc; path = AppDelegate.m; sourceTree = "<group>"; };
		625664351ED193F4004500DD /* ViewController.h */ = {isa = PBXFileReference; lastKnownFileType = sourcecode.c.h; path = ViewController.h; sourceTree = "<group>"; };
		625664361ED193F4004500DD /* ViewController.m */ = {isa = PBXFileReference; lastKnownFileType = sourcecode.c.objc; path = ViewController.m; sourceTree = "<group>"; };
		625664391ED193F4004500DD /* Base */ = {isa = PBXFileReference; lastKnownFileType = file.storyboard; name = Base; path = Base.lproj/Main.storyboard; sourceTree = "<group>"; };
		6256643B1ED193F4004500DD /* Assets.xcassets */ = {isa = PBXFileReference; lastKnownFileType = folder.assetcatalog; path = Assets.xcassets; sourceTree = "<group>"; };
		6256643E1ED193F4004500DD /* Base */ = {isa = PBXFileReference; lastKnownFileType = file.storyboard; name = Base; path = Base.lproj/LaunchScreen.storyboard; sourceTree = "<group>"; };
		625664401ED193F4004500DD /* Info.plist */ = {isa = PBXFileReference; lastKnownFileType = text.plist.xml; path = Info.plist; sourceTree = "<group>"; };
		625664451ED193F4004500DD /* 高德地图Tests.xctest */ = {isa = PBXFileReference; explicitFileType = wrapper.cfbundle; includeInIndex = 0; path = "高德地图Tests.xctest"; sourceTree = BUILT_PRODUCTS_DIR; };
		625664491ED193F4004500DD /* ____Tests.m */ = {isa = PBXFileReference; lastKnownFileType = sourcecode.c.objc; path = "____Tests.m"; sourceTree = "<group>"; };
		6256644B1ED193F4004500DD /* Info.plist */ = {isa = PBXFileReference; lastKnownFileType = text.plist.xml; path = Info.plist; sourceTree = "<group>"; };
		625664501ED193F4004500DD /* 高德地图UITests.xctest */ = {isa = PBXFileReference; explicitFileType = wrapper.cfbundle; includeInIndex = 0; path = "高德地图UITests.xctest"; sourceTree = BUILT_PRODUCTS_DIR; };
		625664541ED193F4004500DD /* ____UITests.m */ = {isa = PBXFileReference; lastKnownFileType = sourcecode.c.objc; path = "____UITests.m"; sourceTree = "<group>"; };
		625664561ED193F4004500DD /* Info.plist */ = {isa = PBXFileReference; lastKnownFileType = text.plist.xml; path = Info.plist; sourceTree = "<group>"; };
/* End PBXFileReference section */

/* Begin PBXFrameworksBuildPhase section */
		625664291ED193F4004500DD /* Frameworks */ = {
			isa = PBXFrameworksBuildPhase;
			buildActionMask = 2147483647;
			files = (
			);
			runOnlyForDeploymentPostprocessing = 0;
		};
		625664421ED193F4004500DD /* Frameworks */ = {
			isa = PBXFrameworksBuildPhase;
			buildActionMask = 2147483647;
			files = (
			);
			runOnlyForDeploymentPostprocessing = 0;
		};
		6256644D1ED193F4004500DD /* Frameworks */ = {
			isa = PBXFrameworksBuildPhase;
			buildActionMask = 2147483647;
			files = (
			);
			runOnlyForDeploymentPostprocessing = 0;
		};
/* End PBXFrameworksBuildPhase section */

/* Begin PBXGroup section */
		625664231ED193F4004500DD = {
			isa = PBXGroup;
			children = (
				6256642E1ED193F4004500DD /* 高德地图 */,
				625664481ED193F4004500DD /* 高德地图Tests */,
				625664531ED193F4004500DD /* 高德地图UITests */,
				6256642D1ED193F4004500DD /* Products */,
			);
			sourceTree = "<group>";
		};
		6256642D1ED193F4004500DD /* Products */ = {
			isa = PBXGroup;
			children = (
				6256642C1ED193F4004500DD /* 高德地图.app */,
				625664451ED193F4004500DD /* 高德地图Tests.xctest */,
				625664501ED193F4004500DD /* 高德地图UITests.xctest */,
			);
			name = Products;
			sourceTree = "<group>";
		};
		6256642E1ED193F4004500DD /* 高德地图 */ = {
			isa = PBXGroup;
			children = (
				625664321ED193F4004500DD /* AppDelegate.h */,
				625664331ED193F4004500DD /* AppDelegate.m */,
				625664351ED193F4004500DD /* ViewController.h */,
				625664361ED193F4004500DD /* ViewController.m */,
				625664381ED193F4004500DD /* Main.storyboard */,
				6256643B1ED193F4004500DD /* Assets.xcassets */,
				6256643D1ED193F4004500DD /* LaunchScreen.storyboard */,
				625664401ED193F4004500DD /* Info.plist */,
				6256642F1ED193F4004500DD /* Supporting Files */,
			);
			path = "高德地图";
			sourceTree = "<group>";
		};
		6256642F1ED193F4004500DD /* Supporting Files */ = {
			isa = PBXGroup;
			children = (
				625664301ED193F4004500DD /* main.m */,
			);
			name = "Supporting Files";
			sourceTree = "<group>";
		};
		625664481ED193F4004500DD /* 高德地图Tests */ = {
			isa = PBXGroup;
			children = (
				625664491ED193F4004500DD /* ____Tests.m */,
				6256644B1ED193F4004500DD /* Info.plist */,
			);
			path = "高德地图Tests";
			sourceTree = "<group>";
		};
		625664531ED193F4004500DD /* 高德地图UITests */ = {
			isa = PBXGroup;
			children = (
				625664541ED193F4004500DD /* ____UITests.m */,
				625664561ED193F4004500DD /* Info.plist */,
			);
			path = "高德地图UITests";
			sourceTree = "<group>";
		};
/* End PBXGroup section */

/* Begin PBXNativeTarget section */
		6256642B1ED193F4004500DD /* 高德地图 */ = {
			isa = PBXNativeTarget;
			buildConfigurationList = 625664591ED193F4004500DD /* Build configuration list for PBXNativeTarget "高德地图" */;
			buildPhases = (
				625664281ED193F4004500DD /* Sources */,
				625664291ED193F4004500DD /* Frameworks */,
				6256642A1ED193F4004500DD /* Resources */,
			);
			buildRules = (
			);
			dependencies = (
			);
			name = "高德地图";
			productName = "高德地图";
			productReference = 6256642C1ED193F4004500DD /* 高德地图.app */;
			productType = "com.apple.product-type.application";
		};
		625664441ED193F4004500DD /* 高德地图Tests */ = {
			isa = PBXNativeTarget;
			buildConfigurationList = 6256645C1ED193F4004500DD /* Build configuration list for PBXNativeTarget "高德地图Tests" */;
			buildPhases = (
				625664411ED193F4004500DD /* Sources */,
				625664421ED193F4004500DD /* Frameworks */,
				625664431ED193F4004500DD /* Resources */,
			);
			buildRules = (
			);
			dependencies = (
				625664471ED193F4004500DD /* PBXTargetDependency */,
			);
			name = "高德地图Tests";
			productName = "高德地图Tests";
			productReference = 625664451ED193F4004500DD /* 高德地图Tests.xctest */;
			productType = "com.apple.product-type.bundle.unit-test";
		};
		6256644F1ED193F4004500DD /* 高德地图UITests */ = {
			isa = PBXNativeTarget;
			buildConfigurationList = 6256645F1ED193F4004500DD /* Build configuration list for PBXNativeTarget "高德地图UITests" */;
			buildPhases = (
				6256644C1ED193F4004500DD /* Sources */,
				6256644D1ED193F4004500DD /* Frameworks */,
				6256644E1ED193F4004500DD /* Resources */,
			);
			buildRules = (
			);
			dependencies = (
				625664521ED193F4004500DD /* PBXTargetDependency */,
			);
			name = "高德地图UITests";
			productName = "高德地图UITests";
			productReference = 625664501ED193F4004500DD /* 高德地图UITests.xctest */;
			productType = "com.apple.product-type.bundle.ui-testing";
		};
/* End PBXNativeTarget section */

/* Begin PBXProject section */
		625664241ED193F4004500DD /* Project object */ = {
			isa = PBXProject;
			attributes = {
				LastUpgradeCheck = 0830;
				ORGANIZATIONNAME = "帶頭二哥 QQ:648959";
				TargetAttributes = {
					6256642B1ED193F4004500DD = {
						CreatedOnToolsVersion = 8.3.2;
						DevelopmentTeam = 278T5UQYD8;
						ProvisioningStyle = Automatic;
					};
					625664441ED193F4004500DD = {
						CreatedOnToolsVersion = 8.3.2;
						DevelopmentTeam = 278T5UQYD8;
						ProvisioningStyle = Automatic;
						TestTargetID = 6256642B1ED193F4004500DD;
					};
					6256644F1ED193F4004500DD = {
						CreatedOnToolsVersion = 8.3.2;
						DevelopmentTeam = 278T5UQYD8;
						ProvisioningStyle = Automatic;
						TestTargetID = 6256642B1ED193F4004500DD;
					};
				};
			};
			buildConfigurationList = 625664271ED193F4004500DD /* Build configuration list for PBXProject "高德地图" */;
			compatibilityVersion = "Xcode 3.2";
			developmentRegion = English;
			hasScannedForEncodings = 0;
			knownRegions = (
				en,
				Base,
			);
			mainGroup = 625664231ED193F4004500DD;
			productRefGroup = 6256642D1ED193F4004500DD /* Products */;
			projectDirPath = "";
			projectRoot = "";
			targets = (
				6256642B1ED193F4004500DD /* 高德地图 */,
				625664441ED193F4004500DD /* 高德地图Tests */,
				6256644F1ED193F4004500DD /* 高德地图UITests */,
			);
		};
/* End PBXProject section */

/* Begin PBXResourcesBuildPhase section */
		6256642A1ED193F4004500DD /* Resources */ = {
			isa = PBXResourcesBuildPhase;
			buildActionMask = 2147483647;
			files = (
				6256643F1ED193F4004500DD /* LaunchScreen.storyboard in Resources */,
				6256643C1ED193F4004500DD /* Assets.xcassets in Resources */,
				6256643A1ED193F4004500DD /* Main.storyboard in Resources */,
			);
			runOnlyForDeploymentPostprocessing = 0;
		};
		625664431ED193F4004500DD /* Resources */ = {
			isa = PBXResourcesBuildPhase;
			buildActionMask = 2147483647;
			files = (
			);
			runOnlyForDeploymentPostprocessing = 0;
		};
		6256644E1ED193F4004500DD /* Resources */ = {
			isa = PBXResourcesBuildPhase;
			buildActionMask = 2147483647;
			files = (
			);
			runOnlyForDeploymentPostprocessing = 0;
		};
/* End PBXResourcesBuildPhase section */

/* Begin PBXSourcesBuildPhase section */
		625664281ED193F4004500DD /* Sources */ = {
			isa = PBXSourcesBuildPhase;
			buildActionMask = 2147483647;
			files = (
				625664371ED193F4004500DD /* ViewController.m in Sources */,
				625664341ED193F4004500DD /* AppDelegate.m in Sources */,
				625664311ED193F4004500DD /* main.m in Sources */,
			);
			runOnlyForDeploymentPostprocessing = 0;
		};
		625664411ED193F4004500DD /* Sources */ = {
			isa = PBXSourcesBuildPhase;
			buildActionMask = 2147483647;
			files = (
				6256644A1ED193F4004500DD /* ____Tests.m in Sources */,
			);
			runOnlyForDeploymentPostprocessing = 0;
		};
		6256644C1ED193F4004500DD /* Sources */ = {
			isa = PBXSourcesBuildPhase;
			buildActionMask = 2147483647;
			files = (
				625664551ED193F4004500DD /* ____UITests.m in Sources */,
			);
			runOnlyForDeploymentPostprocessing = 0;
		};
/* End PBXSourcesBuildPhase section */

/* Begin PBXTargetDependency section */
		625664471ED193F4004500DD /* PBXTargetDependency */ = {
			isa = PBXTargetDependency;
			target = 6256642B1ED193F4004500DD /* 高德地图 */;
			targetProxy = 625664461ED193F4004500DD /* PBXContainerItemProxy */;
		};
		625664521ED193F4004500DD /* PBXTargetDependency */ = {
			isa = PBXTargetDependency;
			target = 6256642B1ED193F4004500DD /* 高德地图 */;
			targetProxy = 625664511ED193F4004500DD /* PBXContainerItemProxy */;
		};
/* End PBXTargetDependency section */

/* Begin PBXVariantGroup section */
		625664381ED193F4004500DD /* Main.storyboard */ = {
			isa = PBXVariantGroup;
			children = (
				625664391ED193F4004500DD /* Base */,
			);
			name = Main.storyboard;
			sourceTree = "<group>";
		};
		6256643D1ED193F4004500DD /* LaunchScreen.storyboard */ = {
			isa = PBXVariantGroup;
			children = (
				6256643E1ED193F4004500DD /* Base */,
			);
			name = LaunchScreen.storyboard;
			sourceTree = "<group>";
		};
/* End PBXVariantGroup section */

/* Begin XCBuildConfiguration section */
		625664571ED193F4004500DD /* Debug */ = {
			isa = XCBuildConfiguration;
			buildSettings = {
				ALWAYS_SEARCH_USER_PATHS = NO;
				CLANG_ANALYZER_NONNULL = YES;
				CLANG_ANALYZER_NUMBER_OBJECT_CONVERSION = YES_AGGRESSIVE;
				CLANG_CXX_LANGUAGE_STANDARD = "gnu++0x";
				CLANG_CXX_LIBRARY = "libc++";
				CLANG_ENABLE_MODULES = YES;
				CLANG_ENABLE_OBJC_ARC = YES;
				CLANG_WARN_BOOL_CONVERSION = YES;
				CLANG_WARN_CONSTANT_CONVERSION = YES;
				CLANG_WARN_DIRECT_OBJC_ISA_USAGE = YES_ERROR;
				CLANG_WARN_DOCUMENTATION_COMMENTS = YES;
				CLANG_WARN_EMPTY_BODY = YES;
				CLANG_WARN_ENUM_CONVERSION = YES;
				CLANG_WARN_INFINITE_RECURSION = YES;
				CLANG_WARN_INT_CONVERSION = YES;
				CLANG_WARN_OBJC_ROOT_CLASS = YES_ERROR;
				CLANG_WARN_SUSPICIOUS_MOVE = YES;
				CLANG_WARN_UNREACHABLE_CODE = YES;
				CLANG_WARN__DUPLICATE_METHOD_MATCH = YES;
				"CODE_SIGN_IDENTITY[sdk=iphoneos*]" = "iPhone Developer";
				COPY_PHASE_STRIP = NO;
				DEBUG_INFORMATION_FORMAT = dwarf;
				ENABLE_STRICT_OBJC_MSGSEND = YES;
				ENABLE_TESTABILITY = YES;
				GCC_C_LANGUAGE_STANDARD = gnu99;
				GCC_DYNAMIC_NO_PIC = NO;
				GCC_NO_COMMON_BLOCKS = YES;
				GCC_OPTIMIZATION_LEVEL = 0;
				GCC_PREPROCESSOR_DEFINITIONS = (
					"DEBUG=1",
					"$(inherited)",
				);
				GCC_WARN_64_TO_32_BIT_CONVERSION = YES;
				GCC_WARN_ABOUT_RETURN_TYPE = YES_ERROR;
				GCC_WARN_UNDECLARED_SELECTOR = YES;
				GCC_WARN_UNINITIALIZED_AUTOS = YES_AGGRESSIVE;
				GCC_WARN_UNUSED_FUNCTION = YES;
				GCC_WARN_UNUSED_VARIABLE = YES;
				IPHONEOS_DEPLOYMENT_TARGET = 10.3;
				MTL_ENABLE_DEBUG_INFO = YES;
				ONLY_ACTIVE_ARCH = YES;
				SDKROOT = iphoneos;
			};
			name = Debug;
		};
		625664581ED193F4004500DD /* Release */ = {
			isa = XCBuildConfiguration;
			buildSettings = {
				ALWAYS_SEARCH_USER_PATHS = NO;
				CLANG_ANALYZER_NONNULL = YES;
				CLANG_ANALYZER_NUMBER_OBJECT_CONVERSION = YES_AGGRESSIVE;
				CLANG_CXX_LANGUAGE_STANDARD = "gnu++0x";
				CLANG_CXX_LIBRARY = "libc++";
				CLANG_ENABLE_MODULES = YES;
				CLANG_ENABLE_OBJC_ARC = YES;
				CLANG_WARN_BOOL_CONVERSION = YES;
				CLANG_WARN_CONSTANT_CONVERSION = YES;
				CLANG_WARN_DIRECT_OBJC_ISA_USAGE = YES_ERROR;
				CLANG_WARN_DOCUMENTATION_COMMENTS = YES;
				CLANG_WARN_EMPTY_BODY = YES;
				CLANG_WARN_ENUM_CONVERSION = YES;
				CLANG_WARN_INFINITE_RECURSION = YES;
				CLANG_WARN_INT_CONVERSION = YES;
				CLANG_WARN_OBJC_ROOT_CLASS = YES_ERROR;
				CLANG_WARN_SUSPICIOUS_MOVE = YES;
				CLANG_WARN_UNREACHABLE_CODE = YES;
				CLANG_WARN__DUPLICATE_METHOD_MATCH = YES;
				"CODE_SIGN_IDENTITY[sdk=iphoneos*]" = "iPhone Developer";
				COPY_PHASE_STRIP = NO;
				DEBUG_INFORMATION_FORMAT = "dwarf-with-dsym";
				ENABLE_NS_ASSERTIONS = NO;
				ENABLE_STRICT_OBJC_MSGSEND = YES;
				GCC_C_LANGUAGE_STANDARD = gnu99;
				GCC_NO_COMMON_BLOCKS = YES;
				GCC_WARN_64_TO_32_BIT_CONVERSION = YES;
				GCC_WARN_ABOUT_RETURN_TYPE = YES_ERROR;
				GCC_WARN_UNDECLARED_SELECTOR = YES;
				GCC_WARN_UNINITIALIZED_AUTOS = YES_AGGRESSIVE;
				GCC_WARN_UNUSED_FUNCTION = YES;
				GCC_WARN_UNUSED_VARIABLE = YES;
				IPHONEOS_DEPLOYMENT_TARGET = 10.3;
				MTL_ENABLE_DEBUG_INFO = NO;
				SDKROOT = iphoneos;
				VALIDATE_PRODUCT = YES;
			};
			name = Release;
		};
		6256645A1ED193F4004500DD /* Debug */ = {
			isa = XCBuildConfiguration;
			buildSettings = {
				ASSETCATALOG_COMPILER_APPICON_NAME = AppIcon;
				DEVELOPMENT_TEAM = 278T5UQYD8;
				INFOPLIST_FILE = "高德地图/Info.plist";
				LD_RUNPATH_SEARCH_PATHS = "$(inherited) @executable_path/Frameworks";
				PRODUCT_BUNDLE_IDENTIFIER = "com.lz.amap.----";
				PRODUCT_NAME = "$(TARGET_NAME)";
			};
			name = Debug;
		};
		6256645B1ED193F4004500DD /* Release */ = {
			isa = XCBuildConfiguration;
			buildSettings = {
				ASSETCATALOG_COMPILER_APPICON_NAME = AppIcon;
				DEVELOPMENT_TEAM = 278T5UQYD8;
				INFOPLIST_FILE = "高德地图/Info.plist";
				LD_RUNPATH_SEARCH_PATHS = "$(inherited) @executable_path/Frameworks";
				PRODUCT_BUNDLE_IDENTIFIER = "com.lz.amap.----";
				PRODUCT_NAME = "$(TARGET_NAME)";
			};
			name = Release;
		};
		6256645D1ED193F4004500DD /* Debug */ = {
			isa = XCBuildConfiguration;
			buildSettings = {
				BUNDLE_LOADER = "$(TEST_HOST)";
				DEVELOPMENT_TEAM = 278T5UQYD8;
				INFOPLIST_FILE = "高德地图Tests/Info.plist";
				LD_RUNPATH_SEARCH_PATHS = "$(inherited) @executable_path/Frameworks @loader_path/Frameworks";
				PRODUCT_BUNDLE_IDENTIFIER = "com.lz.amap.----Tests";
				PRODUCT_NAME = "$(TARGET_NAME)";
				TEST_HOST = "$(BUILT_PRODUCTS_DIR)/高德地图.app/高德地图";
			};
			name = Debug;
		};
		6256645E1ED193F4004500DD /* Release */ = {
			isa = XCBuildConfiguration;
			buildSettings = {
				BUNDLE_LOADER = "$(TEST_HOST)";
				DEVELOPMENT_TEAM = 278T5UQYD8;
				INFOPLIST_FILE = "高德地图Tests/Info.plist";
				LD_RUNPATH_SEARCH_PATHS = "$(inherited) @executable_path/Frameworks @loader_path/Frameworks";
				PRODUCT_BUNDLE_IDENTIFIER = "com.lz.amap.----Tests";
				PRODUCT_NAME = "$(TARGET_NAME)";
				TEST_HOST = "$(BUILT_PRODUCTS_DIR)/高德地图.app/高德地图";
			};
			name = Release;
		};
		625664601ED193F4004500DD /* Debug */ = {
			isa = XCBuildConfiguration;
			buildSettings = {
				DEVELOPMENT_TEAM = 278T5UQYD8;
				INFOPLIST_FILE = "高德地图UITests/Info.plist";
				LD_RUNPATH_SEARCH_PATHS = "$(inherited) @executable_path/Frameworks @loader_path/Frameworks";
				PRODUCT_BUNDLE_IDENTIFIER = "com.lz.amap.----UITests";
				PRODUCT_NAME = "$(TARGET_NAME)";
				TEST_TARGET_NAME = "高德地图";
			};
			name = Debug;
		};
		625664611ED193F4004500DD /* Release */ = {
			isa = XCBuildConfiguration;
			buildSettings = {
				DEVELOPMENT_TEAM = 278T5UQYD8;
				INFOPLIST_FILE = "高德地图UITests/Info.plist";
				LD_RUNPATH_SEARCH_PATHS = "$(inherited) @executable_path/Frameworks @loader_path/Frameworks";
				PRODUCT_BUNDLE_IDENTIFIER = "com.lz.amap.----UITests";
				PRODUCT_NAME = "$(TARGET_NAME)";
				TEST_TARGET_NAME = "高德地图";
			};
			name = Release;
		};
/* End XCBuildConfiguration section */

/* Begin XCConfigurationList section */
		625664271ED193F4004500DD /* Build configuration list for PBXProject "高德地图" */ = {
			isa = XCConfigurationList;
			buildConfigurations = (
				625664571ED193F4004500DD /* Debug */,
				625664581ED193F4004500DD /* Release */,
			);
			defaultConfigurationIsVisible = 0;
			defaultConfigurationName = Release;
		};
		625664591ED193F4004500DD /* Build configuration list for PBXNativeTarget "高德地图" */ = {
			isa = XCConfigurationList;
			buildConfigurations = (
				6256645A1ED193F4004500DD /* Debug */,
				6256645B1ED193F4004500DD /* Release */,
			);
			defaultConfigurationIsVisible = 0;
		};
		6256645C1ED193F4004500DD /* Build configuration list for PBXNativeTarget "高德地图Tests" */ = {
			isa = XCConfigurationList;
			buildConfigurations = (
				6256645D1ED193F4004500DD /* Debug */,
				6256645E1ED193F4004500DD /* Release */,
			);
			defaultConfigurationIsVisible = 0;
		};
		6256645F1ED193F4004500DD /* Build configuration list for PBXNativeTarget "高德地图UITests" */ = {
			isa = XCConfigurationList;
			buildConfigurations = (
				625664601ED193F4004500DD /* Debug */,
				625664611ED193F4004500DD /* Release */,
			);
			defaultConfigurationIsVisible = 0;
		};
/* End XCConfigurationList section */
	};
	rootObject = 625664241ED193F4004500DD /* Project object */;
}
